
Microsoft Visual Studio Solution File, Format Version 12.00
# Visual Studio Version 17
VisualStudioVersion = 17.7.34221.43
MinimumVisualStudioVersion = 10.0.40219.1
Project("{FAE04EC0-301F-11D3-BF4B-00C04F79EFBC}") = "HandimanProDeleteme.Backend", "HandimanProDeleteme.Backend\HandimanProDeleteme.Backend.csproj", "{C05B8D92-36CA-47AD-BF34-4DB113A250DF}"
EndProject
Project("{FAE04EC0-301F-11D3-BF4B-00C04F79EFBC}") = "HandimanProDeleteme.FrontEnd", "HandimanProDeleteme.FrontEnd\HandimanProDeleteme.FrontEnd.csproj", "{AE552EB3-4439-442A-94D5-78093AF33FD0}"
EndProject
Project("{FAE04EC0-301F-11D3-BF4B-00C04F79EFBC}") = "HandimanProDeleteme.Shared", "HandimanProDeleteme.Shared\HandimanProDeleteme.Shared.csproj", "{4D291E85-DDDC-495E-97A7-9B1F750DEF94}"
EndProject
Project("{FAE04EC0-301F-11D3-BF4B-00C04F79EFBC}") = "HandimanProDeleteme.UnitTests", "HandimanProDeleteme.UnitTests\HandimanProDeleteme.UnitTests.csproj", "{90EC3D3D-765A-412A-B387-F1639F8D0EF2}"
EndProject
Global
	GlobalSection(SolutionConfigurationPlatforms) = preSolution
		Debug|Any CPU = Debug|Any CPU
		Release|Any CPU = Release|Any CPU
	EndGlobalSection
	GlobalSection(ProjectConfigurationPlatforms) = postSolution
		{C05B8D92-36CA-47AD-BF34-4DB113A250DF}.Debug|Any CPU.ActiveCfg = Debug|Any CPU
		{C05B8D92-36CA-47AD-BF34-4DB113A250DF}.Debug|Any CPU.Build.0 = Debug|Any CPU
		{C05B8D92-36CA-47AD-BF34-4DB113A250DF}.Release|Any CPU.ActiveCfg = Release|Any CPU
		{C05B8D92-36CA-47AD-BF34-4DB113A250DF}.Release|Any CPU.Build.0 = Release|Any CPU
		{AE552EB3-4439-442A-94D5-78093AF33FD0}.Debug|Any CPU.ActiveCfg = Debug|Any CPU
		{AE552EB3-4439-442A-94D5-78093AF33FD0}.Debug|Any CPU.Build.0 = Debug|Any CPU
		{AE552EB3-4439-442A-94D5-78093AF33FD0}.Release|Any CPU.ActiveCfg = Release|Any CPU
		{AE552EB3-4439-442A-94D5-78093AF33FD0}.Release|Any CPU.Build.0 = Release|Any CPU
		{4D291E85-DDDC-495E-97A7-9B1F750DEF94}.Debug|Any CPU.ActiveCfg = Debug|Any CPU
		{4D291E85-DDDC-495E-97A7-9B1F750DEF94}.Debug|Any CPU.Build.0 = Debug|Any CPU
		{4D291E85-DDDC-495E-97A7-9B1F750DEF94}.Release|Any CPU.ActiveCfg = Release|Any CPU
		{4D291E85-DDDC-495E-97A7-9B1F750DEF94}.Release|Any CPU.Build.0 = Release|Any CPU
		{90EC3D3D-765A-412A-B387-F1639F8D0EF2}.Debug|Any CPU.ActiveCfg = Debug|Any CPU
		{90EC3D3D-765A-412A-B387-F1639F8D0EF2}.Debug|Any CPU.Build.0 = Debug|Any CPU
		{90EC3D3D-765A-412A-B387-F1639F8D0EF2}.Release|Any CPU.ActiveCfg = Release|Any CPU
		{90EC3D3D-765A-412A-B387-F1639F8D0EF2}.Release|Any CPU.Build.0 = Release|Any CPU
	EndGlobalSection
	GlobalSection(SolutionProperties) = preSolution
		HideSolutionNode = FALSE
	EndGlobalSection
	GlobalSection(ExtensibilityGlobals) = postSolution
		SolutionGuid = {039ECFB9-3043-49D6-A5E9-2C1D7F54D334}
	EndGlobalSection
EndGlobal
